{
  "originHash" : "0feb596e3fa017f71769b7a3799dbcb174ecd0e0ef472ed80ed89c37955dbf06",
  "pins" : [
    {
      "identity" : "cryptoswift",
      "kind" : "remoteSourceControl",
      "location" : "https://github.com/krzyzanowskim/CryptoSwift.git",
      "state" : {
        "revision" : "e45a26384239e028ec87fbcc788f513b67e10d8f",
        "version" : "1.9.0"
      }
    },
    {
      "identity" : "dpreader-swift",
      "kind" : "remoteSourceControl",
      "location" : "https://github.com/picawawa4000/dpreader-swift.git",
      "state" : {
        "branch" : "master",
        "revision" : "03ef257779ef2e206bebf7694a97c796449cdaa3"
      }
    },
    {
      "identity" : "swift-syntax",
      "kind" : "remoteSourceControl",
      "location" : "https://github.com/swiftlang/swift-syntax",
      "state" : {
        "revision" : "0687f71944021d616d34d922343dcef086855920",
        "version" : "600.0.1"
      }
    },
    {
      "identity" : "swift-vulkan-bindings",
      "kind" : "remoteSourceControl",
      "location" : "https://github.com/picawawa4000/swift-vulkan-bindings.git",
      "state" : {
        "branch" : "main",
        "revision" : "f5bcb90d0fed1057eb9c417ca12eb53a4581aec2"
      }
    },
    {
      "identity" : "testvisible",
      "kind" : "remoteSourceControl",
      "location" : "https://github.com/watanabetoshinori/TestVisible.git",
      "state" : {
        "revision" : "4584bc5e9333aff3c7de8753ed403a028a573bc7",
        "version" : "1.0.0"
      }
    }
  ],
  "version" : 3
}
